# THIS IS AN AUTOGENERATED FILE. DO NOT EDIT THIS FILE DIRECTLY.
# yarn lockfile v1


"@types/codemirror@0.0.109":
  version "0.0.109"
  resolved "https://registry.yarnpkg.com/@types/codemirror/-/codemirror-0.0.109.tgz#89d575ff1c7b462c4c3b8654f8bb38e5622e9036"
  integrity sha512-cSdiHeeLjvGn649lRTNeYrVCDOgDrtP+bDDSFDd1TF+i0jKGPDRozno2NOJ9lTniso+taiv4kiVS8dgM8Jm5lg==
  dependencies:
    "@types/tern" "*"

"@types/estree@*":
  version "0.0.50"
  resolved "https://registry.yarnpkg.com/@types/estree/-/estree-0.0.50.tgz#1e0caa9364d3fccd2931c3ed96fdbeaa5d4cca83"
  integrity sha512-C6N5s2ZFtuZRj54k2/zyRhNDjJwwcViAM3Nbm8zjBpbqAdZ00mr0CFxvSKeO8Y/e03WVFLpQMdHYVfUd6SB+Hw==

"@types/marked@^2.0.2":
  version "2.0.5"
  resolved "https://registry.yarnpkg.com/@types/marked/-/marked-2.0.5.tgz#453e27f1e97199d45bb25297b0dd2b9bbc1e05ea"
  integrity sha512-shRZ7XnYFD/8n8zSjKvFdto1QNSf4tONZIlNEZGrJe8GsOE8DL/hG1Hbl8gZlfLnjS7+f5tZGIaTgfpyW38h4w==

"@types/tern@*":
  version "0.23.4"
  resolved "https://registry.yarnpkg.com/@types/tern/-/tern-0.23.4.tgz#03926eb13dbeaf3ae0d390caf706b2643a0127fb"
  integrity sha512-JAUw1iXGO1qaWwEOzxTKJZ/5JxVeON9kvGZ/osgZaJImBnyjyn0cjovPsf6FNLmyGY8Vw9DoXZCMlfMkMwHRWg==
  dependencies:
    "@types/estree" "*"

balanced-match@^1.0.0:
  version "1.0.2"
  resolved "https://registry.yarnpkg.com/balanced-match/-/balanced-match-1.0.2.tgz#e83e3a7e3f300b34cb9d87f615fa0cbf357690ee"
  integrity sha512-3oSeUO0TMV67hN1AmbXsK4yaqU7tjiHlbxRDZOpH0KW9+CeX4bRAaX0Anxt0tx2MrpRpWwQaPwIlISEJhYU5Pw==

brace-expansion@^1.1.7:
  version "1.1.11"
  resolved "https://registry.yarnpkg.com/brace-expansion/-/brace-expansion-1.1.11.tgz#3c7fcbf529d87226f3d2f52b966ff5271eb441dd"
  integrity sha512-iCuPHDFgrHX7H2vEI/5xpz07zSHB00TpugqhmYtVmMO6518mCuRMoOYFldEBl0g187ufozdaHgWKcYFb61qGiA==
  dependencies:
    balanced-match "^1.0.0"
    concat-map "0.0.1"

codemirror-spell-checker@1.1.2:
  version "1.1.2"
  resolved "https://registry.yarnpkg.com/codemirror-spell-checker/-/codemirror-spell-checker-1.1.2.tgz#1c660f9089483ccb5113b9ba9ca19c3f4993371e"
  integrity sha1-HGYPkIlIPMtRE7m6nKGcP0mTNx4=
  dependencies:
    typo-js "*"

codemirror@^5.61.0:
  version "5.64.0"
  resolved "https://registry.yarnpkg.com/codemirror/-/codemirror-5.64.0.tgz#182eec65b62178e3cd1de8f9d88ab819cfe5f625"
  integrity sha512-fqr6CtDQdJ6iNMbD8NX2gH2G876nNDk+TO1rrYkgWnqQdO3O1Xa9tK6q+psqhJJgE5SpbaDcgdfLmukoUVE8pg==

concat-map@0.0.1:
  version "0.0.1"
  resolved "https://registry.yarnpkg.com/concat-map/-/concat-map-0.0.1.tgz#d8a96bd77fd68df7793a73036a3ba0d5405d477b"
  integrity sha1-2Klr13/Wjfd5OnMDajug1UBdR3s=

easymde@2.15.0:
  version "2.15.0"
  resolved "https://registry.yarnpkg.com/easymde/-/easymde-2.15.0.tgz#73667c4879d8687b07651d6259ee652bba5d0b00"
  integrity sha512-9jMRIVvKt1d0UjRN45yotUYECAM4xvw0TTAQw8sYDONP++keWJVnd8Xrn+V+vQEN/v9/X0SWEoo1rFSgCooGpw==
  dependencies:
    "@types/codemirror" "0.0.109"
    "@types/marked" "^2.0.2"
    codemirror "^5.61.0"
    codemirror-spell-checker "1.1.2"
    marked "^2.0.3"

fs.realpath@^1.0.0:
  version "1.0.0"
  resolved "https://registry.yarnpkg.com/fs.realpath/-/fs.realpath-1.0.0.tgz#1504ad2523158caa40db4a2787cb01411994ea4f"
  integrity sha1-FQStJSMVjKpA20onh8sBQRmU6k8=

glob@^7.1.3:
  version "7.1.6"
  resolved "https://registry.yarnpkg.com/glob/-/glob-7.1.6.tgz#141f33b81a7c2492e125594307480c46679278a6"
  integrity sha512-LwaxwyZ72Lk7vZINtNNrywX0ZuLyStrdDtabefZKAY5ZGJhVtgdznluResxNmPitE0SAO+O26sWTHeKSI2wMBA==
  dependencies:
    fs.realpath "^1.0.0"
    inflight "^1.0.4"
    inherits "2"
    minimatch "^3.0.4"
    once "^1.3.0"
    path-is-absolute "^1.0.0"

inflight@^1.0.4:
  version "1.0.6"
  resolved "https://registry.yarnpkg.com/inflight/-/inflight-1.0.6.tgz#49bd6331d7d02d0c09bc910a1075ba8165b56df9"
  integrity sha1-Sb1jMdfQLQwJvJEKEHW6gWW1bfk=
  dependencies:
    once "^1.3.0"
    wrappy "1"

inherits@2:
  version "2.0.4"
  resolved "https://registry.yarnpkg.com/inherits/-/inherits-2.0.4.tgz#0fa2c64f932917c3433a0ded55363aae37416b7c"
  integrity sha512-k/vGaX4/Yla3WzyMCvTQOXYeIHvqOKtnqBduzTHpzpQZzAskKMhZ2K+EnBiSM9zGSoIFeMpXKxa4dYeZIQqewQ==

jalaali-js@^1.1.0:
  version "1.1.5"
  resolved "https://registry.yarnpkg.com/jalaali-js/-/jalaali-js-1.1.5.tgz#a2cd4627c3c61588a81877df1d3098869213e985"
  integrity sha512-eS+zDRtz2JcGnVPWeng53rzlKU8tX2RWbJ1cqu1+eZHPEh1QL5ydB+pXD4RCf/zE3eKDN2bLQEjY0u/WIewMVQ==

leaflet@^1.7.1:
  version "1.7.1"
  resolved "https://registry.yarnpkg.com/leaflet/-/leaflet-1.7.1.tgz#10d684916edfe1bf41d688a3b97127c0322a2a19"
  integrity sha512-/xwPEBidtg69Q3HlqPdU3DnrXQOvQU/CCHA1tcDQVzOwm91YMYaILjNp7L4Eaw5Z4sOYdbBz6koWyibppd8Zqw==

marked@^2.0.3:
  version "2.1.3"
  resolved "https://registry.yarnpkg.com/marked/-/marked-2.1.3.tgz#bd017cef6431724fd4b27e0657f5ceb14bff3753"
  integrity sha512-/Q+7MGzaETqifOMWYEA7HVMaZb4XbcRfaOzcSsHZEith83KGlvaSG33u0SKu89Mj5h+T8V2hM+8O45Qc5XTgwA==

mingo@4.1.3:
  version "4.1.3"
  resolved "https://registry.yarnpkg.com/mingo/-/mingo-4.1.3.tgz#ee0fe4116e425a5623087ad03ef6fc0c698245c1"
  integrity sha512-DFEF2AN5akT6qQxaeCUO2BXBar85FAtmbco31R1b1ujKdVKgS+AwXy41LG1/20TTTEWdtRfKTeHN3iX76Z3tRA==

minimatch@^3.0.4:
  version "3.0.4"
  resolved "https://registry.yarnpkg.com/minimatch/-/minimatch-3.0.4.tgz#5166e286457f03306064be5497e8dbb0c3d32083"
  integrity sha512-yJHVQEhyqPLUTgt9B83PXu6W3rx4MvvHvSUvToogpwoGDOUQ+yDrR0HRot+yOCdCO7u4hX3pWft6kWBBcqh0UA==
  dependencies:
    brace-expansion "^1.1.7"

moment-jalaali@^0.9.2:
  version "0.9.2"
  resolved "https://registry.yarnpkg.com/moment-jalaali/-/moment-jalaali-0.9.2.tgz#1c67917aa13003db19c070ea4118945fcb626250"
  integrity sha512-Z7dgu6NFnq9MhbAtwj0x7tHFXm+rzSu5Ju7Fc3RloqFQ/3zSJh8kuzxNdAp7cgMF/s/ydob+fAEJvQds/hz25g==
  dependencies:
    jalaali-js "^1.1.0"
    moment "^2.22.2"
    moment-timezone "^0.5.21"
    rimraf "^2.6.2"

moment-timezone@^0.5.21:
  version "0.5.33"
  resolved "https://registry.yarnpkg.com/moment-timezone/-/moment-timezone-0.5.33.tgz#b252fd6bb57f341c9b59a5ab61a8e51a73bbd22c"
  integrity sha512-PTc2vcT8K9J5/9rDEPe5czSIKgLoGsH8UNpA4qZTVw0Vd/Uz19geE9abbIOQKaAQFcnQ3v5YEXrbSc5BpshH+w==
  dependencies:
    moment ">= 2.9.0"

"moment@>= 2.9.0", moment@^2.22.2:
  version "2.29.1"
  resolved "https://registry.yarnpkg.com/moment/-/moment-2.29.1.tgz#b2be769fa31940be9eeea6469c075e35006fa3d3"
  integrity sha512-kHmoybcPV8Sqy59DwNDY3Jefr64lK/by/da0ViFcuA4DH0vQg5Q6Ze5VimxkfQNSC+Mls/Kx53s7TjP1RhFEDQ==

once@^1.3.0:
  version "1.4.0"
  resolved "https://registry.yarnpkg.com/once/-/once-1.4.0.tgz#583b1aa775961d4b113ac17d9c50baef9dd76bd1"
  integrity sha1-WDsap3WWHUsROsF9nFC6753Xa9E=
  dependencies:
    wrappy "1"

path-is-absolute@^1.0.0:
  version "1.0.1"
  resolved "https://registry.yarnpkg.com/path-is-absolute/-/path-is-absolute-1.0.1.tgz#174b9268735534ffbc7ace6bf53a5a9e1b5c5f5f"
  integrity sha1-F0uSaHNVNP+8es5r9TpanhtcX18=

rimraf@^2.6.2:
  version "2.7.1"
  resolved "https://registry.yarnpkg.com/rimraf/-/rimraf-2.7.1.tgz#35797f13a7fdadc566142c29d4f07ccad483e3ec"
  integrity sha512-uWjbaKIK3T1OSVptzX7Nl6PvQ3qAGtKEtVRjRuazjfL3Bx5eI409VZSqgND+4UNnmzLVdPj9FqFJNPqBZFve4w==
  dependencies:
    glob "^7.1.3"

smooth-dnd@0.12.1:
  version "0.12.1"
  resolved "https://registry.yarnpkg.com/smooth-dnd/-/smooth-dnd-0.12.1.tgz#cdb44c972355659e32770368b29b6a80e0ed96f1"
  integrity sha512-Dndj/MOG7VP83mvzfGCLGzV2HuK1lWachMtWl/Iuk6zV7noDycIBnflwaPuDzoaapEl3Pc4+ybJArkkx9sxPZg==

typo-js@*:
  version "1.2.1"
  resolved "https://registry.yarnpkg.com/typo-js/-/typo-js-1.2.1.tgz#334a0d8c3f6c56f2f1e15fdf6c31677793cbbe9b"
  integrity sha512-bTGLjbD3WqZDR3CgEFkyi9Q/SS2oM29ipXrWfDb4M74ea69QwKAECVceYpaBu0GfdnASMg9Qfl67ttB23nePHg==

vue-persian-datetime-picker@2.6.1:
  version "2.6.1"
  resolved "https://registry.yarnpkg.com/vue-persian-datetime-picker/-/vue-persian-datetime-picker-2.6.1.tgz#d3b35ff257aab678b1b864964720cf1700ad5855"
  integrity sha512-Lc2rOAgCSBwAtbEbo3cyAa/sSrE+8ITe9E6yoBTPi4GMMtmkH9Su/x9sFh8C5CQ6vLLLu1ikUqoE1H8WodUx5g==
  dependencies:
    moment-jalaali "^0.9.2"

vue-smooth-dnd@^0.8.1:
  version "0.8.1"
  resolved "https://registry.yarnpkg.com/vue-smooth-dnd/-/vue-smooth-dnd-0.8.1.tgz#b1c584cfe49b830a402548b4bf08f00f68f430e5"
  integrity sha512-eZVVPTwz4A1cs0+CjXx/ihV+gAl3QBoWQnU6+23Gp59t0WBU99z7ducBQ4FvjBamqOlg8SDOE5eFHQedxwB4Wg==
  dependencies:
    smooth-dnd "0.12.1"

vue2-leaflet@2.7.1:
  version "2.7.1"
  resolved "https://registry.yarnpkg.com/vue2-leaflet/-/vue2-leaflet-2.7.1.tgz#2f95c287621bf778f10804c88223877f5c049257"
  integrity sha512-K7HOlzRhjt3Z7+IvTqEavIBRbmCwSZSCVUlz9u4Rc+3xGCLsHKz4TAL4diAmfHElCQdPPVdZdJk8wPUt2fu6WQ==

wrappy@1:
  version "1.0.2"
  resolved "https://registry.yarnpkg.com/wrappy/-/wrappy-1.0.2.tgz#b5243d8f3ec1aa35f1364605bc0d1036e30ab69f"
  integrity sha1-tSQ9jz7BqjXxNkYFvA0QNuMKtp8=

ykh-form@1.5.4:
  version "1.5.4"
  resolved "https://registry.yarnpkg.com/ykh-form/-/ykh-form-1.5.4.tgz#0320e45ae30872bff93dfa1db925c073bd11e0f0"
  integrity sha512-wihSWhEEW3rilIYtZmTVmgfzRh32NANUzb8OWvHwKWJhEQ/RYVUeuyRCO8YzvTqA8O7dFtYjK4nMJJtOpDJbvQ==
  dependencies:
    mingo "4.1.3"
    moment-jalaali "^0.9.2"
    vue-persian-datetime-picker "2.6.1"
